# Super Dev dependency lock file
# Generated from pyproject.toml — pin exact versions for reproducible builds
# Python: 3.12
# Updated: 2026-04-11
#
# NOTE: This file locks direct dependencies only. Transitive dependencies are
# resolved by pip at install time. For fully deterministic builds, generate a
# complete lock with: pip freeze > requirements-full.lock
# The Dockerfile uses `pip install -r requirements.lock` which resolves transitive
# deps from PyPI — this is acceptable for CI builds but not air-gapped environments.

# ── Core dependencies ──
rich==14.3.3
PyYAML==6.0.3
ddgs==9.12.0
requests==2.33.1
beautifulsoup4==4.14.3
defusedxml==0.7.1
openai==1.109.1
tenacity==9.1.4
fastapi==0.135.2
uvicorn==0.42.0

# ── Dev dependencies ──
pytest==7.4.4
pytest-cov==4.1.0
black==24.1.1
ruff==0.2.1
mypy==1.8.0
